
Microsoft Visual Studio Solution File, Format Version 12.00
# Visual Studio Version 16
VisualStudioVersion = 16.0.30114.105
MinimumVisualStudioVersion = 10.0.40219.1
Project("{FAE04EC0-301F-11D3-BF4B-00C04F79EFBC}") = "MvcPhotoAlbumProject", "MvcPhotoAlbumProject.csproj", "{0DD797CC-5813-4B85-B5DE-D23B116BD731}"
EndProject
Global
	GlobalSection(SolutionConfigurationPlatforms) = preSolution
		Debug|Any CPU = Debug|Any CPU
		Release|Any CPU = Release|Any CPU
	EndGlobalSection
	GlobalSection(ProjectConfigurationPlatforms) = postSolution
		{0DD797CC-5813-4B85-B5DE-D23B116BD731}.Debug|Any CPU.ActiveCfg = Debug|Any CPU
		{0DD797CC-5813-4B85-B5DE-D23B116BD731}.Debug|Any CPU.Build.0 = Debug|Any CPU
		{0DD797CC-5813-4B85-B5DE-D23B116BD731}.Release|Any CPU.ActiveCfg = Release|Any CPU
		{0DD797CC-5813-4B85-B5DE-D23B116BD731}.Release|Any CPU.Build.0 = Release|Any CPU
	EndGlobalSection
	GlobalSection(SolutionProperties) = preSolution
		HideSolutionNode = FALSE
	EndGlobalSection
	GlobalSection(ExtensibilityGlobals) = postSolution
		SolutionGuid = {9C2E2C37-AD99-476B-A89C-005C8F88364A}
	EndGlobalSection
EndGlobal
